
Microsoft Visual Studio Solution File, Format Version 12.00
# Visual Studio Version 16
VisualStudioVersion = 16.0.29911.84
MinimumVisualStudioVersion = 10.0.40219.1
Project("{FAE04EC0-301F-11D3-BF4B-00C04F79EFBC}") = "Face_Recognition", "WindowsFormsApplication1\Face_Recognition.csproj", "{10A4F120-66D1-4E1E-BF55-2DE8F76CED49}"
EndProject
Global
	GlobalSection(SolutionConfigurationPlatforms) = preSolution
		Debug|Any CPU = Debug|Any CPU
		Release|Any CPU = Release|Any CPU
	EndGlobalSection
	GlobalSection(ProjectConfigurationPlatforms) = postSolution
		{10A4F120-66D1-4E1E-BF55-2DE8F76CED49}.Debug|Any CPU.ActiveCfg = Debug|Any CPU
		{10A4F120-66D1-4E1E-BF55-2DE8F76CED49}.Debug|Any CPU.Build.0 = Debug|Any CPU
		{10A4F120-66D1-4E1E-BF55-2DE8F76CED49}.Release|Any CPU.ActiveCfg = Release|Any CPU
		{10A4F120-66D1-4E1E-BF55-2DE8F76CED49}.Release|Any CPU.Build.0 = Release|Any CPU
	EndGlobalSection
	GlobalSection(SolutionProperties) = preSolution
		HideSolutionNode = FALSE
	EndGlobalSection
	GlobalSection(ExtensibilityGlobals) = postSolution
		SolutionGuid = {AF64E6A2-9BC1-4227-B7AE-8F33B462ADB3}
	EndGlobalSection
EndGlobal
